
Microsoft Visual Studio Solution File, Format Version 12.00
# Visual Studio Version 17
VisualStudioVersion = 17.1.32421.90
MinimumVisualStudioVersion = 10.0.40219.1
Project("{9A19103F-16F7-4668-BE54-9A1E7A4F7556}") = "SinglePass.WPF", "SinglePass.WPF\SinglePass.WPF.csproj", "{0A18A596-DFB1-4959-8204-3FBB81BEE945}"
EndProject
Project("{9A19103F-16F7-4668-BE54-9A1E7A4F7556}") = "SinglePass.Language", "SinglePass.Language\SinglePass.Language.csproj", "{44C8C637-E0B7-4B67-AB88-C038CB8FFBA1}"
EndProject
Project("{FAE04EC0-301F-11D3-BF4B-00C04F79EFBC}") = "SinglePass.FavIcons.Repository", "SinglePass.FavIcons.Repository\SinglePass.FavIcons.Repository.csproj", "{C61F05DA-1735-4535-AB3E-754A88CADC3A}"
EndProject
Project("{FAE04EC0-301F-11D3-BF4B-00C04F79EFBC}") = "SinglePass.FavIcons.Application", "SinglePass.FavIcons.Application\SinglePass.FavIcons.Application.csproj", "{893F90F8-599F-4F53-993A-90107A97AB4D}"
EndProject
Global
	GlobalSection(SolutionConfigurationPlatforms) = preSolution
		Debug|Any CPU = Debug|Any CPU
		Release|Any CPU = Release|Any CPU
	EndGlobalSection
	GlobalSection(ProjectConfigurationPlatforms) = postSolution
		{0A18A596-DFB1-4959-8204-3FBB81BEE945}.Debug|Any CPU.ActiveCfg = Debug|Any CPU
		{0A18A596-DFB1-4959-8204-3FBB81BEE945}.Debug|Any CPU.Build.0 = Debug|Any CPU
		{0A18A596-DFB1-4959-8204-3FBB81BEE945}.Release|Any CPU.ActiveCfg = Release|Any CPU
		{0A18A596-DFB1-4959-8204-3FBB81BEE945}.Release|Any CPU.Build.0 = Release|Any CPU
		{44C8C637-E0B7-4B67-AB88-C038CB8FFBA1}.Debug|Any CPU.ActiveCfg = Debug|Any CPU
		{44C8C637-E0B7-4B67-AB88-C038CB8FFBA1}.Debug|Any CPU.Build.0 = Debug|Any CPU
		{44C8C637-E0B7-4B67-AB88-C038CB8FFBA1}.Release|Any CPU.ActiveCfg = Release|Any CPU
		{44C8C637-E0B7-4B67-AB88-C038CB8FFBA1}.Release|Any CPU.Build.0 = Release|Any CPU
		{C61F05DA-1735-4535-AB3E-754A88CADC3A}.Debug|Any CPU.ActiveCfg = Debug|Any CPU
		{C61F05DA-1735-4535-AB3E-754A88CADC3A}.Debug|Any CPU.Build.0 = Debug|Any CPU
		{C61F05DA-1735-4535-AB3E-754A88CADC3A}.Release|Any CPU.ActiveCfg = Release|Any CPU
		{C61F05DA-1735-4535-AB3E-754A88CADC3A}.Release|Any CPU.Build.0 = Release|Any CPU
		{893F90F8-599F-4F53-993A-90107A97AB4D}.Debug|Any CPU.ActiveCfg = Debug|Any CPU
		{893F90F8-599F-4F53-993A-90107A97AB4D}.Debug|Any CPU.Build.0 = Debug|Any CPU
		{893F90F8-599F-4F53-993A-90107A97AB4D}.Release|Any CPU.ActiveCfg = Release|Any CPU
		{893F90F8-599F-4F53-993A-90107A97AB4D}.Release|Any CPU.Build.0 = Release|Any CPU
	EndGlobalSection
	GlobalSection(SolutionProperties) = preSolution
		HideSolutionNode = FALSE
	EndGlobalSection
	GlobalSection(ExtensibilityGlobals) = postSolution
		SolutionGuid = {B9A2845D-0592-4B39-A142-59AE0811594F}
	EndGlobalSection
EndGlobal
